
Microsoft Visual Studio Solution File, Format Version 12.00
# Visual Studio Version 17
VisualStudioVersion = 17.4.33213.308
MinimumVisualStudioVersion = 10.0.40219.1
Project("{9A19103F-16F7-4668-BE54-9A1E7A4F7556}") = "PZ_01", "PZ_01\PZ_01.csproj", "{2B687A87-BA12-4725-BD28-46AED8E3146E}"
EndProject
Project("{9A19103F-16F7-4668-BE54-9A1E7A4F7556}") = "PZ_02", "PZ_02\PZ_02.csproj", "{15FE2251-976D-4939-9155-96C4AC421320}"
EndProject
Project("{9A19103F-16F7-4668-BE54-9A1E7A4F7556}") = "PZ_03", "PZ_03\PZ_03.csproj", "{296551DB-E650-4E40-9B0F-114231FCF199}"
EndProject
Project("{9A19103F-16F7-4668-BE54-9A1E7A4F7556}") = "PZ_03_доп", "PZ_03_доп\PZ_03_доп.csproj", "{5E86EEC3-0C30-4E1C-ABBF-F746612BC944}"
EndProject
Project("{9A19103F-16F7-4668-BE54-9A1E7A4F7556}") = "PZ_04_01", "PZ_04_01\PZ_04_01.csproj", "{6B48E97C-FADE-4A16-B974-E7B5D5B206AE}"
EndProject
Project("{9A19103F-16F7-4668-BE54-9A1E7A4F7556}") = "PZ_04_02", "PZ_04_02\PZ_04_02.csproj", "{E5384BEC-64A6-48E2-850B-349BAA0B9A56}"
EndProject
Project("{FAE04EC0-301F-11D3-BF4B-00C04F79EFBC}") = "PZ_04_03", "PZ_04_03\PZ_04_03.csproj", "{87B9A77F-CD5F-4691-BFC7-291BFF12D773}"
EndProject
Global
	GlobalSection(SolutionConfigurationPlatforms) = preSolution
		Debug|Any CPU = Debug|Any CPU
		Release|Any CPU = Release|Any CPU
	EndGlobalSection
	GlobalSection(ProjectConfigurationPlatforms) = postSolution
		{2B687A87-BA12-4725-BD28-46AED8E3146E}.Debug|Any CPU.ActiveCfg = Debug|Any CPU
		{2B687A87-BA12-4725-BD28-46AED8E3146E}.Debug|Any CPU.Build.0 = Debug|Any CPU
		{2B687A87-BA12-4725-BD28-46AED8E3146E}.Release|Any CPU.ActiveCfg = Release|Any CPU
		{2B687A87-BA12-4725-BD28-46AED8E3146E}.Release|Any CPU.Build.0 = Release|Any CPU
		{15FE2251-976D-4939-9155-96C4AC421320}.Debug|Any CPU.ActiveCfg = Debug|Any CPU
		{15FE2251-976D-4939-9155-96C4AC421320}.Debug|Any CPU.Build.0 = Debug|Any CPU
		{15FE2251-976D-4939-9155-96C4AC421320}.Release|Any CPU.ActiveCfg = Release|Any CPU
		{15FE2251-976D-4939-9155-96C4AC421320}.Release|Any CPU.Build.0 = Release|Any CPU
		{296551DB-E650-4E40-9B0F-114231FCF199}.Debug|Any CPU.ActiveCfg = Debug|Any CPU
		{296551DB-E650-4E40-9B0F-114231FCF199}.Debug|Any CPU.Build.0 = Debug|Any CPU
		{296551DB-E650-4E40-9B0F-114231FCF199}.Release|Any CPU.ActiveCfg = Release|Any CPU
		{296551DB-E650-4E40-9B0F-114231FCF199}.Release|Any CPU.Build.0 = Release|Any CPU
		{5E86EEC3-0C30-4E1C-ABBF-F746612BC944}.Debug|Any CPU.ActiveCfg = Debug|Any CPU
		{5E86EEC3-0C30-4E1C-ABBF-F746612BC944}.Debug|Any CPU.Build.0 = Debug|Any CPU
		{5E86EEC3-0C30-4E1C-ABBF-F746612BC944}.Release|Any CPU.ActiveCfg = Release|Any CPU
		{5E86EEC3-0C30-4E1C-ABBF-F746612BC944}.Release|Any CPU.Build.0 = Release|Any CPU
		{6B48E97C-FADE-4A16-B974-E7B5D5B206AE}.Debug|Any CPU.ActiveCfg = Debug|Any CPU
		{6B48E97C-FADE-4A16-B974-E7B5D5B206AE}.Debug|Any CPU.Build.0 = Debug|Any CPU
		{6B48E97C-FADE-4A16-B974-E7B5D5B206AE}.Release|Any CPU.ActiveCfg = Release|Any CPU
		{6B48E97C-FADE-4A16-B974-E7B5D5B206AE}.Release|Any CPU.Build.0 = Release|Any CPU
		{E5384BEC-64A6-48E2-850B-349BAA0B9A56}.Debug|Any CPU.ActiveCfg = Debug|Any CPU
		{E5384BEC-64A6-48E2-850B-349BAA0B9A56}.Debug|Any CPU.Build.0 = Debug|Any CPU
		{E5384BEC-64A6-48E2-850B-349BAA0B9A56}.Release|Any CPU.ActiveCfg = Release|Any CPU
		{E5384BEC-64A6-48E2-850B-349BAA0B9A56}.Release|Any CPU.Build.0 = Release|Any CPU
		{87B9A77F-CD5F-4691-BFC7-291BFF12D773}.Debug|Any CPU.ActiveCfg = Debug|Any CPU
		{87B9A77F-CD5F-4691-BFC7-291BFF12D773}.Debug|Any CPU.Build.0 = Debug|Any CPU
		{87B9A77F-CD5F-4691-BFC7-291BFF12D773}.Release|Any CPU.ActiveCfg = Release|Any CPU
		{87B9A77F-CD5F-4691-BFC7-291BFF12D773}.Release|Any CPU.Build.0 = Release|Any CPU
	EndGlobalSection
	GlobalSection(SolutionProperties) = preSolution
		HideSolutionNode = FALSE
	EndGlobalSection
	GlobalSection(ExtensibilityGlobals) = postSolution
		SolutionGuid = {944D18A9-35CA-4511-AD35-BD1C21756B2E}
	EndGlobalSection
EndGlobal
