
Microsoft Visual Studio Solution File, Format Version 12.00
# Visual Studio Version 17
VisualStudioVersion = 17.4.33213.308
MinimumVisualStudioVersion = 10.0.40219.1
Project("{9A19103F-16F7-4668-BE54-9A1E7A4F7556}") = "PZ_01", "PZ_01\PZ_01.csproj", "{2B687A87-BA12-4725-BD28-46AED8E3146E}"
EndProject
Project("{9A19103F-16F7-4668-BE54-9A1E7A4F7556}") = "PZ_02", "PZ_02\PZ_02.csproj", "{15FE2251-976D-4939-9155-96C4AC421320}"
EndProject
Project("{9A19103F-16F7-4668-BE54-9A1E7A4F7556}") = "PZ_03", "PZ_03\PZ_03.csproj", "{296551DB-E650-4E40-9B0F-114231FCF199}"
EndProject
Project("{9A19103F-16F7-4668-BE54-9A1E7A4F7556}") = "PZ_03_доп", "PZ_03_доп\PZ_03_доп.csproj", "{5E86EEC3-0C30-4E1C-ABBF-F746612BC944}"
EndProject
Project("{9A19103F-16F7-4668-BE54-9A1E7A4F7556}") = "PZ_04", "PZ_04\PZ_04.csproj", "{578FC235-52A8-4F02-891A-3E0035713336}"
EndProject
Project("{9A19103F-16F7-4668-BE54-9A1E7A4F7556}") = "PZ_05", "PZ_05\PZ_05.csproj", "{BCAF4AFE-DAFD-4166-9707-5F5EA34C9596}"
EndProject
Project("{9A19103F-16F7-4668-BE54-9A1E7A4F7556}") = "PZ_06", "PZ_06\PZ_06.csproj", "{165FCBD9-8C71-4940-986E-3B59A2CBFDC9}"
EndProject
Project("{9A19103F-16F7-4668-BE54-9A1E7A4F7556}") = "PZ_07", "PZ_07\PZ_07.csproj", "{6F0322C8-BFA4-40B2-B3B5-F5CA3E23D117}"
EndProject
Project("{9A19103F-16F7-4668-BE54-9A1E7A4F7556}") = "PZ_08", "PZ_08\PZ_08.csproj", "{43CA3E02-AC14-4C36-AA31-5531EF7BA0C9}"
EndProject
Project("{FAE04EC0-301F-11D3-BF4B-00C04F79EFBC}") = "PZ_09", "PZ_09\PZ_09.csproj", "{8E9ADB96-46C5-437F-9992-C0049B8946C9}"
EndProject
Project("{FAE04EC0-301F-11D3-BF4B-00C04F79EFBC}") = "PZ_10", "PZ_10\PZ_10.csproj", "{981505DF-5E53-4671-B3C8-B99DE32B6E48}"
EndProject
Project("{FAE04EC0-301F-11D3-BF4B-00C04F79EFBC}") = "PZ_11", "PZ_11\PZ_11.csproj", "{1A1EA77C-F9AC-402E-9570-AC89A452EFC7}"
EndProject
Project("{FAE04EC0-301F-11D3-BF4B-00C04F79EFBC}") = "PZ_12", "PZ_12\PZ_12.csproj", "{8D2E5974-2AD6-41BE-9BC7-F7722D9835D8}"
EndProject
Project("{FAE04EC0-301F-11D3-BF4B-00C04F79EFBC}") = "PZ_13", "PZ_13\PZ_13.csproj", "{B2CF5E88-B105-4D00-9D46-2ED581C6A515}"
EndProject
Project("{FAE04EC0-301F-11D3-BF4B-00C04F79EFBC}") = "PZ_14", "PZ_14\PZ_14.csproj", "{E7E46229-D55A-4ACC-91AF-810281BAE657}"
EndProject
Project("{FAE04EC0-301F-11D3-BF4B-00C04F79EFBC}") = "PZ_15", "PZ_15\PZ_15.csproj", "{E3D83115-7D6E-4074-B6F1-86DACF662D5F}"
EndProject
Global
	GlobalSection(SolutionConfigurationPlatforms) = preSolution
		Debug|Any CPU = Debug|Any CPU
		Release|Any CPU = Release|Any CPU
	EndGlobalSection
	GlobalSection(ProjectConfigurationPlatforms) = postSolution
		{2B687A87-BA12-4725-BD28-46AED8E3146E}.Debug|Any CPU.ActiveCfg = Debug|Any CPU
		{2B687A87-BA12-4725-BD28-46AED8E3146E}.Debug|Any CPU.Build.0 = Debug|Any CPU
		{2B687A87-BA12-4725-BD28-46AED8E3146E}.Release|Any CPU.ActiveCfg = Release|Any CPU
		{2B687A87-BA12-4725-BD28-46AED8E3146E}.Release|Any CPU.Build.0 = Release|Any CPU
		{15FE2251-976D-4939-9155-96C4AC421320}.Debug|Any CPU.ActiveCfg = Debug|Any CPU
		{15FE2251-976D-4939-9155-96C4AC421320}.Debug|Any CPU.Build.0 = Debug|Any CPU
		{15FE2251-976D-4939-9155-96C4AC421320}.Release|Any CPU.ActiveCfg = Release|Any CPU
		{15FE2251-976D-4939-9155-96C4AC421320}.Release|Any CPU.Build.0 = Release|Any CPU
		{296551DB-E650-4E40-9B0F-114231FCF199}.Debug|Any CPU.ActiveCfg = Debug|Any CPU
		{296551DB-E650-4E40-9B0F-114231FCF199}.Debug|Any CPU.Build.0 = Debug|Any CPU
		{296551DB-E650-4E40-9B0F-114231FCF199}.Release|Any CPU.ActiveCfg = Release|Any CPU
		{296551DB-E650-4E40-9B0F-114231FCF199}.Release|Any CPU.Build.0 = Release|Any CPU
		{5E86EEC3-0C30-4E1C-ABBF-F746612BC944}.Debug|Any CPU.ActiveCfg = Debug|Any CPU
		{5E86EEC3-0C30-4E1C-ABBF-F746612BC944}.Debug|Any CPU.Build.0 = Debug|Any CPU
		{5E86EEC3-0C30-4E1C-ABBF-F746612BC944}.Release|Any CPU.ActiveCfg = Release|Any CPU
		{5E86EEC3-0C30-4E1C-ABBF-F746612BC944}.Release|Any CPU.Build.0 = Release|Any CPU
		{578FC235-52A8-4F02-891A-3E0035713336}.Debug|Any CPU.ActiveCfg = Debug|Any CPU
		{578FC235-52A8-4F02-891A-3E0035713336}.Debug|Any CPU.Build.0 = Debug|Any CPU
		{578FC235-52A8-4F02-891A-3E0035713336}.Release|Any CPU.ActiveCfg = Release|Any CPU
		{578FC235-52A8-4F02-891A-3E0035713336}.Release|Any CPU.Build.0 = Release|Any CPU
		{BCAF4AFE-DAFD-4166-9707-5F5EA34C9596}.Debug|Any CPU.ActiveCfg = Debug|Any CPU
		{BCAF4AFE-DAFD-4166-9707-5F5EA34C9596}.Debug|Any CPU.Build.0 = Debug|Any CPU
		{BCAF4AFE-DAFD-4166-9707-5F5EA34C9596}.Release|Any CPU.ActiveCfg = Release|Any CPU
		{BCAF4AFE-DAFD-4166-9707-5F5EA34C9596}.Release|Any CPU.Build.0 = Release|Any CPU
		{165FCBD9-8C71-4940-986E-3B59A2CBFDC9}.Debug|Any CPU.ActiveCfg = Debug|Any CPU
		{165FCBD9-8C71-4940-986E-3B59A2CBFDC9}.Debug|Any CPU.Build.0 = Debug|Any CPU
		{165FCBD9-8C71-4940-986E-3B59A2CBFDC9}.Release|Any CPU.ActiveCfg = Release|Any CPU
		{165FCBD9-8C71-4940-986E-3B59A2CBFDC9}.Release|Any CPU.Build.0 = Release|Any CPU
		{6F0322C8-BFA4-40B2-B3B5-F5CA3E23D117}.Debug|Any CPU.ActiveCfg = Debug|Any CPU
		{6F0322C8-BFA4-40B2-B3B5-F5CA3E23D117}.Debug|Any CPU.Build.0 = Debug|Any CPU
		{6F0322C8-BFA4-40B2-B3B5-F5CA3E23D117}.Release|Any CPU.ActiveCfg = Release|Any CPU
		{6F0322C8-BFA4-40B2-B3B5-F5CA3E23D117}.Release|Any CPU.Build.0 = Release|Any CPU
		{43CA3E02-AC14-4C36-AA31-5531EF7BA0C9}.Debug|Any CPU.ActiveCfg = Debug|Any CPU
		{43CA3E02-AC14-4C36-AA31-5531EF7BA0C9}.Debug|Any CPU.Build.0 = Debug|Any CPU
		{43CA3E02-AC14-4C36-AA31-5531EF7BA0C9}.Release|Any CPU.ActiveCfg = Release|Any CPU
		{43CA3E02-AC14-4C36-AA31-5531EF7BA0C9}.Release|Any CPU.Build.0 = Release|Any CPU
		{8E9ADB96-46C5-437F-9992-C0049B8946C9}.Debug|Any CPU.ActiveCfg = Debug|Any CPU
		{8E9ADB96-46C5-437F-9992-C0049B8946C9}.Debug|Any CPU.Build.0 = Debug|Any CPU
		{8E9ADB96-46C5-437F-9992-C0049B8946C9}.Release|Any CPU.ActiveCfg = Release|Any CPU
		{8E9ADB96-46C5-437F-9992-C0049B8946C9}.Release|Any CPU.Build.0 = Release|Any CPU
		{981505DF-5E53-4671-B3C8-B99DE32B6E48}.Debug|Any CPU.ActiveCfg = Debug|Any CPU
		{981505DF-5E53-4671-B3C8-B99DE32B6E48}.Debug|Any CPU.Build.0 = Debug|Any CPU
		{981505DF-5E53-4671-B3C8-B99DE32B6E48}.Release|Any CPU.ActiveCfg = Release|Any CPU
		{981505DF-5E53-4671-B3C8-B99DE32B6E48}.Release|Any CPU.Build.0 = Release|Any CPU
		{1A1EA77C-F9AC-402E-9570-AC89A452EFC7}.Debug|Any CPU.ActiveCfg = Debug|Any CPU
		{1A1EA77C-F9AC-402E-9570-AC89A452EFC7}.Debug|Any CPU.Build.0 = Debug|Any CPU
		{1A1EA77C-F9AC-402E-9570-AC89A452EFC7}.Release|Any CPU.ActiveCfg = Release|Any CPU
		{1A1EA77C-F9AC-402E-9570-AC89A452EFC7}.Release|Any CPU.Build.0 = Release|Any CPU
		{8D2E5974-2AD6-41BE-9BC7-F7722D9835D8}.Debug|Any CPU.ActiveCfg = Debug|Any CPU
		{8D2E5974-2AD6-41BE-9BC7-F7722D9835D8}.Debug|Any CPU.Build.0 = Debug|Any CPU
		{8D2E5974-2AD6-41BE-9BC7-F7722D9835D8}.Release|Any CPU.ActiveCfg = Release|Any CPU
		{8D2E5974-2AD6-41BE-9BC7-F7722D9835D8}.Release|Any CPU.Build.0 = Release|Any CPU
		{B2CF5E88-B105-4D00-9D46-2ED581C6A515}.Debug|Any CPU.ActiveCfg = Debug|Any CPU
		{B2CF5E88-B105-4D00-9D46-2ED581C6A515}.Debug|Any CPU.Build.0 = Debug|Any CPU
		{B2CF5E88-B105-4D00-9D46-2ED581C6A515}.Release|Any CPU.ActiveCfg = Release|Any CPU
		{B2CF5E88-B105-4D00-9D46-2ED581C6A515}.Release|Any CPU.Build.0 = Release|Any CPU
		{E7E46229-D55A-4ACC-91AF-810281BAE657}.Debug|Any CPU.ActiveCfg = Debug|Any CPU
		{E7E46229-D55A-4ACC-91AF-810281BAE657}.Debug|Any CPU.Build.0 = Debug|Any CPU
		{E7E46229-D55A-4ACC-91AF-810281BAE657}.Release|Any CPU.ActiveCfg = Release|Any CPU
		{E7E46229-D55A-4ACC-91AF-810281BAE657}.Release|Any CPU.Build.0 = Release|Any CPU
		{E3D83115-7D6E-4074-B6F1-86DACF662D5F}.Debug|Any CPU.ActiveCfg = Debug|Any CPU
		{E3D83115-7D6E-4074-B6F1-86DACF662D5F}.Debug|Any CPU.Build.0 = Debug|Any CPU
		{E3D83115-7D6E-4074-B6F1-86DACF662D5F}.Release|Any CPU.ActiveCfg = Release|Any CPU
		{E3D83115-7D6E-4074-B6F1-86DACF662D5F}.Release|Any CPU.Build.0 = Release|Any CPU
	EndGlobalSection
	GlobalSection(SolutionProperties) = preSolution
		HideSolutionNode = FALSE
	EndGlobalSection
	GlobalSection(ExtensibilityGlobals) = postSolution
		SolutionGuid = {944D18A9-35CA-4511-AD35-BD1C21756B2E}
	EndGlobalSection
EndGlobal
