
Microsoft Visual Studio Solution File, Format Version 12.00
# Visual Studio Version 17
VisualStudioVersion = 17.4.33213.308
MinimumVisualStudioVersion = 10.0.40219.1
Project("{9A19103F-16F7-4668-BE54-9A1E7A4F7556}") = "PZ_01", "PZ_01\PZ_01.csproj", "{2B687A87-BA12-4725-BD28-46AED8E3146E}"
EndProject
Project("{FAE04EC0-301F-11D3-BF4B-00C04F79EFBC}") = "PZ_02", "PZ_02\PZ_02.csproj", "{15FE2251-976D-4939-9155-96C4AC421320}"
EndProject
Global
	GlobalSection(SolutionConfigurationPlatforms) = preSolution
		Debug|Any CPU = Debug|Any CPU
		Release|Any CPU = Release|Any CPU
	EndGlobalSection
	GlobalSection(ProjectConfigurationPlatforms) = postSolution
		{2B687A87-BA12-4725-BD28-46AED8E3146E}.Debug|Any CPU.ActiveCfg = Debug|Any CPU
		{2B687A87-BA12-4725-BD28-46AED8E3146E}.Debug|Any CPU.Build.0 = Debug|Any CPU
		{2B687A87-BA12-4725-BD28-46AED8E3146E}.Release|Any CPU.ActiveCfg = Release|Any CPU
		{2B687A87-BA12-4725-BD28-46AED8E3146E}.Release|Any CPU.Build.0 = Release|Any CPU
		{15FE2251-976D-4939-9155-96C4AC421320}.Debug|Any CPU.ActiveCfg = Debug|Any CPU
		{15FE2251-976D-4939-9155-96C4AC421320}.Debug|Any CPU.Build.0 = Debug|Any CPU
		{15FE2251-976D-4939-9155-96C4AC421320}.Release|Any CPU.ActiveCfg = Release|Any CPU
		{15FE2251-976D-4939-9155-96C4AC421320}.Release|Any CPU.Build.0 = Release|Any CPU
	EndGlobalSection
	GlobalSection(SolutionProperties) = preSolution
		HideSolutionNode = FALSE
	EndGlobalSection
	GlobalSection(ExtensibilityGlobals) = postSolution
		SolutionGuid = {944D18A9-35CA-4511-AD35-BD1C21756B2E}
	EndGlobalSection
EndGlobal
